
Microsoft Visual Studio Solution File, Format Version 12.00
# Visual Studio Version 16
VisualStudioVersion = 16.0.29920.165
MinimumVisualStudioVersion = 10.0.40219.1
Project("{FAE04EC0-301F-11D3-BF4B-00C04F79EFBC}") = "Covid19Routine", "Covid19Routine\Covid19Routine.csproj", "{12C7985C-9F17-4F8C-9265-12A269645C9D}"
EndProject
Global
	GlobalSection(SolutionConfigurationPlatforms) = preSolution
		Debug|Any CPU = Debug|Any CPU
		Release|Any CPU = Release|Any CPU
	EndGlobalSection
	GlobalSection(ProjectConfigurationPlatforms) = postSolution
		{12C7985C-9F17-4F8C-9265-12A269645C9D}.Debug|Any CPU.ActiveCfg = Debug|Any CPU
		{12C7985C-9F17-4F8C-9265-12A269645C9D}.Debug|Any CPU.Build.0 = Debug|Any CPU
		{12C7985C-9F17-4F8C-9265-12A269645C9D}.Release|Any CPU.ActiveCfg = Release|Any CPU
		{12C7985C-9F17-4F8C-9265-12A269645C9D}.Release|Any CPU.Build.0 = Release|Any CPU
	EndGlobalSection
	GlobalSection(SolutionProperties) = preSolution
		HideSolutionNode = FALSE
	EndGlobalSection
	GlobalSection(ExtensibilityGlobals) = postSolution
		SolutionGuid = {79906E3B-B084-479F-9A0A-F015EA96EE07}
	EndGlobalSection
EndGlobal
